
Microsoft Visual Studio Solution File, Format Version 12.00
# Visual Studio Version 17
VisualStudioVersion = 17.4.33213.308
MinimumVisualStudioVersion = 10.0.40219.1
Project("{FAE04EC0-301F-11D3-BF4B-00C04F79EFBC}") = "FindProfessionals.Application", "src\FindProfessionals.Application\FindProfessionals.Application.csproj", "{D3E4C1B7-4022-4A30-B756-70DE906ACEDD}"
EndProject
Project("{FAE04EC0-301F-11D3-BF4B-00C04F79EFBC}") = "FindProfessionals.Business", "src\FindProfessionals.Business\FindProfessionals.Business.csproj", "{289DCF49-B3B6-4374-BAF6-B8326FBF7E7C}"
EndProject
Project("{FAE04EC0-301F-11D3-BF4B-00C04F79EFBC}") = "FindProfessionals.Data", "src\FindProfessionals.Data\FindProfessionals.Data.csproj", "{66FF351B-DF83-4D47-9DAC-CFC4614FA691}"
EndProject
Project("{FAE04EC0-301F-11D3-BF4B-00C04F79EFBC}") = "FindProfessionals.Domain", "src\FindProfessionals.Domain\FindProfessionals.Domain.csproj", "{F54E105F-25FF-4E67-81A5-DEBC60F68DA5}"
EndProject
Global
	GlobalSection(SolutionConfigurationPlatforms) = preSolution
		Debug|Any CPU = Debug|Any CPU
		Release|Any CPU = Release|Any CPU
	EndGlobalSection
	GlobalSection(ProjectConfigurationPlatforms) = postSolution
		{D3E4C1B7-4022-4A30-B756-70DE906ACEDD}.Debug|Any CPU.ActiveCfg = Debug|Any CPU
		{D3E4C1B7-4022-4A30-B756-70DE906ACEDD}.Debug|Any CPU.Build.0 = Debug|Any CPU
		{D3E4C1B7-4022-4A30-B756-70DE906ACEDD}.Release|Any CPU.ActiveCfg = Release|Any CPU
		{D3E4C1B7-4022-4A30-B756-70DE906ACEDD}.Release|Any CPU.Build.0 = Release|Any CPU
		{289DCF49-B3B6-4374-BAF6-B8326FBF7E7C}.Debug|Any CPU.ActiveCfg = Debug|Any CPU
		{289DCF49-B3B6-4374-BAF6-B8326FBF7E7C}.Debug|Any CPU.Build.0 = Debug|Any CPU
		{289DCF49-B3B6-4374-BAF6-B8326FBF7E7C}.Release|Any CPU.ActiveCfg = Release|Any CPU
		{289DCF49-B3B6-4374-BAF6-B8326FBF7E7C}.Release|Any CPU.Build.0 = Release|Any CPU
		{66FF351B-DF83-4D47-9DAC-CFC4614FA691}.Debug|Any CPU.ActiveCfg = Debug|Any CPU
		{66FF351B-DF83-4D47-9DAC-CFC4614FA691}.Debug|Any CPU.Build.0 = Debug|Any CPU
		{66FF351B-DF83-4D47-9DAC-CFC4614FA691}.Release|Any CPU.ActiveCfg = Release|Any CPU
		{66FF351B-DF83-4D47-9DAC-CFC4614FA691}.Release|Any CPU.Build.0 = Release|Any CPU
		{F54E105F-25FF-4E67-81A5-DEBC60F68DA5}.Debug|Any CPU.ActiveCfg = Debug|Any CPU
		{F54E105F-25FF-4E67-81A5-DEBC60F68DA5}.Debug|Any CPU.Build.0 = Debug|Any CPU
		{F54E105F-25FF-4E67-81A5-DEBC60F68DA5}.Release|Any CPU.ActiveCfg = Release|Any CPU
		{F54E105F-25FF-4E67-81A5-DEBC60F68DA5}.Release|Any CPU.Build.0 = Release|Any CPU
	EndGlobalSection
	GlobalSection(SolutionProperties) = preSolution
		HideSolutionNode = FALSE
	EndGlobalSection
	GlobalSection(ExtensibilityGlobals) = postSolution
		SolutionGuid = {7BDD1F65-5B8D-4CC3-8352-77EB35D55E76}
	EndGlobalSection
EndGlobal
